PODS:
  - Alamofire (4.7.2)
  - Anchorage (4.2.2)
  - Cache (4.2.0)
  - JGProgressHUD (2.0.2)
  - Presentr (1.3.2)

DEPENDENCIES:
  - Alamofire
  - Anchorage
  - Cache
  - JGProgressHUD
  - Presentr

SPEC CHECKSUMS:
  Alamofire: e4fa87002c137ba2d8d634d2c51fabcda0d5c223
  Anchorage: cba8707ea6475f604e04047882ba47c07e4b2ac1
  Cache: f28f8dd64b632155aabf9b3906b036a659048251
  JGProgressHUD: bf75da151936cfd3c9b674afb17e8a5df2e14a7d
  Presentr: 797ae6ec8904eaba4ec58a4c2065bd66e31569ea

PODFILE CHECKSUM: 272ac40e8f5bf76930a96262e302ff2c08c4b863

COCOAPODS: 1.1.1
