PODS:
  - Alamofire (4.7.2)
  - Anchorage (4.2.2)
  - Cache (4.2.0)
  - Presentr (1.3.2)

DEPENDENCIES:
  - Alamofire
  - Anchorage
  - Cache
  - Presentr

SPEC CHECKSUMS:
  Alamofire: e4fa87002c137ba2d8d634d2c51fabcda0d5c223
  Anchorage: cba8707ea6475f604e04047882ba47c07e4b2ac1
  Cache: f28f8dd64b632155aabf9b3906b036a659048251
  Presentr: 797ae6ec8904eaba4ec58a4c2065bd66e31569ea

PODFILE CHECKSUM: f2d33a93ad9e79f83286ca4721fc047dd24055d8

COCOAPODS: 1.1.1
