// !$*UTF8*$!
{
	archiveVersion = 1;
	classes = {
	};
	objectVersion = 48;
	objects = {

/* Begin PBXBuildFile section */
		7E3EA89721310BCB0034D825 /* AddAlarmForFriendViewController.swift in Sources */ = {isa = PBXBuildFile; fileRef = 7E3EA89621310BCB0034D825 /* AddAlarmForFriendViewController.swift */; };
		7E51424E211F78CD0040C87E /* AlarmStore.swift in Sources */ = {isa = PBXBuildFile; fileRef = 7E51424D211F78CD0040C87E /* AlarmStore.swift */; };
		7E5142532125F24D0040C87E /* DatePickerLabel.swift in Sources */ = {isa = PBXBuildFile; fileRef = 7E5142522125F24D0040C87E /* DatePickerLabel.swift */; };
		7E51425621260F7C0040C87E /* Date+Extension.swift in Sources */ = {isa = PBXBuildFile; fileRef = 7E51425521260F7C0040C87E /* Date+Extension.swift */; };
		7E514259212A4D4A0040C87E /* AlarmPlayer.swift in Sources */ = {isa = PBXBuildFile; fileRef = 7E514258212A4D4A0040C87E /* AlarmPlayer.swift */; };
		7E51425B212A72F80040C87E /* AudioPlayingViewController.swift in Sources */ = {isa = PBXBuildFile; fileRef = 7E51425A212A72F80040C87E /* AudioPlayingViewController.swift */; };
		7E6D459421115721005E3D1A /* DS-DIGI.ttf in Resources */ = {isa = PBXBuildFile; fileRef = 7EE8DEB8210FAAC5005A8659 /* DS-DIGI.ttf */; };
		7E6D459521115723005E3D1A /* PingFang-SC-Light.ttf in Resources */ = {isa = PBXBuildFile; fileRef = 7EE8DEBC210FB209005A8659 /* PingFang-SC-Light.ttf */; };
		7E6D459821116121005E3D1A /* Alarm.swift in Sources */ = {isa = PBXBuildFile; fileRef = 7E6D459721116121005E3D1A /* Alarm.swift */; };
		7E6D459B21116C54005E3D1A /* AlarmTableViewCell.swift in Sources */ = {isa = PBXBuildFile; fileRef = 7E6D459A21116C54005E3D1A /* AlarmTableViewCell.swift */; };
		7E6D459D21117819005E3D1A /* FriendsViewController.swift in Sources */ = {isa = PBXBuildFile; fileRef = 7E6D459C21117819005E3D1A /* FriendsViewController.swift */; };
		7E6D459F211180E1005E3D1A /* User.swift in Sources */ = {isa = PBXBuildFile; fileRef = 7E6D459E211180E1005E3D1A /* User.swift */; };
		7E6D45A321118105005E3D1A /* FacebookUser.swift in Sources */ = {isa = PBXBuildFile; fileRef = 7E6D45A221118105005E3D1A /* FacebookUser.swift */; };
		7E6D45A521118172005E3D1A /* FriendCell.swift in Sources */ = {isa = PBXBuildFile; fileRef = 7E6D45A421118172005E3D1A /* FriendCell.swift */; };
		7E6D45A721118186005E3D1A /* FacebookFriendCell.swift in Sources */ = {isa = PBXBuildFile; fileRef = 7E6D45A621118186005E3D1A /* FacebookFriendCell.swift */; };
		7E6D45AA2111872C005E3D1A /* UISearchBar+Extension.swift in Sources */ = {isa = PBXBuildFile; fileRef = 7E6D45A92111872C005E3D1A /* UISearchBar+Extension.swift */; };
		7E6D45AD21125F24005E3D1A /* UserStore.swift in Sources */ = {isa = PBXBuildFile; fileRef = 7E6D45AC21125F24005E3D1A /* UserStore.swift */; };
		7E6D45B021126A96005E3D1A /* PickAUsernameViewController.swift in Sources */ = {isa = PBXBuildFile; fileRef = 7E6D45AF21126A96005E3D1A /* PickAUsernameViewController.swift */; };
		7E6D45B2211392F4005E3D1A /* UIViewController+Extension.swift in Sources */ = {isa = PBXBuildFile; fileRef = 7E6D45B1211392F4005E3D1A /* UIViewController+Extension.swift */; };
		7E6D45B421139588005E3D1A /* Backend.swift in Sources */ = {isa = PBXBuildFile; fileRef = 7E6D45B321139588005E3D1A /* Backend.swift */; };
		7E6D45DE21156F2F005E3D1A /* SearchResultsTableViewDataSource.swift in Sources */ = {isa = PBXBuildFile; fileRef = 7E6D45DD21156F2F005E3D1A /* SearchResultsTableViewDataSource.swift */; };
		7E6D45E02115752C005E3D1A /* AddFriendCell.swift in Sources */ = {isa = PBXBuildFile; fileRef = 7E6D45DF2115752C005E3D1A /* AddFriendCell.swift */; };
		7E6D462621157C60005E3D1A /* FriendStore.swift in Sources */ = {isa = PBXBuildFile; fileRef = 7E6D462521157C60005E3D1A /* FriendStore.swift */; };
		7E6D46282119689D005E3D1A /* AddAlarmViewController.swift in Sources */ = {isa = PBXBuildFile; fileRef = 7E6D46272119689D005E3D1A /* AddAlarmViewController.swift */; };
		7EE8DEA2210FA44B005A8659 /* AppDelegate.swift in Sources */ = {isa = PBXBuildFile; fileRef = 7EE8DEA1210FA44B005A8659 /* AppDelegate.swift */; };
		7EE8DEA9210FA44B005A8659 /* Assets.xcassets in Resources */ = {isa = PBXBuildFile; fileRef = 7EE8DEA8210FA44B005A8659 /* Assets.xcassets */; };
		7EE8DEAC210FA44B005A8659 /* LaunchScreen.storyboard in Resources */ = {isa = PBXBuildFile; fileRef = 7EE8DEAA210FA44B005A8659 /* LaunchScreen.storyboard */; };
		7EE8DEB4210FA990005A8659 /* TitleLabel.swift in Sources */ = {isa = PBXBuildFile; fileRef = 7EE8DEB3210FA990005A8659 /* TitleLabel.swift */; };
		7EE8DEBF21110EAB005A8659 /* SubtitleLabel.swift in Sources */ = {isa = PBXBuildFile; fileRef = 7EE8DEBE21110EAB005A8659 /* SubtitleLabel.swift */; };
		7EE8DEC221110EFC005A8659 /* MyAlarmViewController.swift in Sources */ = {isa = PBXBuildFile; fileRef = 7EE8DEC121110EFC005A8659 /* MyAlarmViewController.swift */; };
		7EE8DEC421111C6D005A8659 /* SmallTextLabel.swift in Sources */ = {isa = PBXBuildFile; fileRef = 7EE8DEC321111C6D005A8659 /* SmallTextLabel.swift */; };
		A254869C3F3A6C30BF2ABEC3 /* Pods_Friend_Alarm.framework in Frameworks */ = {isa = PBXBuildFile; fileRef = 5BCE47CB75B68D97E96FCEE0 /* Pods_Friend_Alarm.framework */; };
/* End PBXBuildFile section */

/* Begin PBXFileReference section */
		023AFA0CAEAFD58DB4DCF3F4 /* Pods-Friend Alarm.debug.xcconfig */ = {isa = PBXFileReference; includeInIndex = 1; lastKnownFileType = text.xcconfig; name = "Pods-Friend Alarm.debug.xcconfig"; path = "Pods/Target Support Files/Pods-Friend Alarm/Pods-Friend Alarm.debug.xcconfig"; sourceTree = "<group>"; };
		5BCE47CB75B68D97E96FCEE0 /* Pods_Friend_Alarm.framework */ = {isa = PBXFileReference; explicitFileType = wrapper.framework; includeInIndex = 0; path = Pods_Friend_Alarm.framework; sourceTree = BUILT_PRODUCTS_DIR; };
		7E3EA89621310BCB0034D825 /* AddAlarmForFriendViewController.swift */ = {isa = PBXFileReference; lastKnownFileType = sourcecode.swift; path = AddAlarmForFriendViewController.swift; sourceTree = "<group>"; };
		7E51424D211F78CD0040C87E /* AlarmStore.swift */ = {isa = PBXFileReference; lastKnownFileType = sourcecode.swift; path = AlarmStore.swift; sourceTree = "<group>"; };
		7E5142522125F24D0040C87E /* DatePickerLabel.swift */ = {isa = PBXFileReference; lastKnownFileType = sourcecode.swift; path = DatePickerLabel.swift; sourceTree = "<group>"; };
		7E51425521260F7C0040C87E /* Date+Extension.swift */ = {isa = PBXFileReference; lastKnownFileType = sourcecode.swift; path = "Date+Extension.swift"; sourceTree = "<group>"; };
		7E514257212A203B0040C87E /* Friend Alarm.entitlements */ = {isa = PBXFileReference; lastKnownFileType = text.plist.entitlements; path = "Friend Alarm.entitlements"; sourceTree = "<group>"; };
		7E514258212A4D4A0040C87E /* AlarmPlayer.swift */ = {isa = PBXFileReference; lastKnownFileType = sourcecode.swift; path = AlarmPlayer.swift; sourceTree = "<group>"; };
		7E51425A212A72F80040C87E /* AudioPlayingViewController.swift */ = {isa = PBXFileReference; lastKnownFileType = sourcecode.swift; path = AudioPlayingViewController.swift; sourceTree = "<group>"; };
		7E6D459721116121005E3D1A /* Alarm.swift */ = {isa = PBXFileReference; lastKnownFileType = sourcecode.swift; path = Alarm.swift; sourceTree = "<group>"; };
		7E6D459A21116C54005E3D1A /* AlarmTableViewCell.swift */ = {isa = PBXFileReference; lastKnownFileType = sourcecode.swift; path = AlarmTableViewCell.swift; sourceTree = "<group>"; };
		7E6D459C21117819005E3D1A /* FriendsViewController.swift */ = {isa = PBXFileReference; lastKnownFileType = sourcecode.swift; path = FriendsViewController.swift; sourceTree = "<group>"; };
		7E6D459E211180E1005E3D1A /* User.swift */ = {isa = PBXFileReference; lastKnownFileType = sourcecode.swift; path = User.swift; sourceTree = "<group>"; };
		7E6D45A221118105005E3D1A /* FacebookUser.swift */ = {isa = PBXFileReference; lastKnownFileType = sourcecode.swift; name = FacebookUser.swift; path = "/Users/matthewkrager/Documents/XCode 8/Friend Alarm/Friend Alarm/Model/FacebookUser.swift"; sourceTree = "<absolute>"; };
		7E6D45A421118172005E3D1A /* FriendCell.swift */ = {isa = PBXFileReference; lastKnownFileType = sourcecode.swift; path = FriendCell.swift; sourceTree = "<group>"; };
		7E6D45A621118186005E3D1A /* FacebookFriendCell.swift */ = {isa = PBXFileReference; lastKnownFileType = sourcecode.swift; path = FacebookFriendCell.swift; sourceTree = "<group>"; };
		7E6D45A92111872C005E3D1A /* UISearchBar+Extension.swift */ = {isa = PBXFileReference; lastKnownFileType = sourcecode.swift; path = "UISearchBar+Extension.swift"; sourceTree = "<group>"; };
		7E6D45AC21125F24005E3D1A /* UserStore.swift */ = {isa = PBXFileReference; lastKnownFileType = sourcecode.swift; path = UserStore.swift; sourceTree = "<group>"; };
		7E6D45AF21126A96005E3D1A /* PickAUsernameViewController.swift */ = {isa = PBXFileReference; lastKnownFileType = sourcecode.swift; path = PickAUsernameViewController.swift; sourceTree = "<group>"; };
		7E6D45B1211392F4005E3D1A /* UIViewController+Extension.swift */ = {isa = PBXFileReference; lastKnownFileType = sourcecode.swift; path = "UIViewController+Extension.swift"; sourceTree = "<group>"; };
		7E6D45B321139588005E3D1A /* Backend.swift */ = {isa = PBXFileReference; lastKnownFileType = sourcecode.swift; path = Backend.swift; sourceTree = "<group>"; };
		7E6D45DD21156F2F005E3D1A /* SearchResultsTableViewDataSource.swift */ = {isa = PBXFileReference; lastKnownFileType = sourcecode.swift; path = SearchResultsTableViewDataSource.swift; sourceTree = "<group>"; };
		7E6D45DF2115752C005E3D1A /* AddFriendCell.swift */ = {isa = PBXFileReference; lastKnownFileType = sourcecode.swift; path = AddFriendCell.swift; sourceTree = "<group>"; };
		7E6D462521157C60005E3D1A /* FriendStore.swift */ = {isa = PBXFileReference; lastKnownFileType = sourcecode.swift; path = FriendStore.swift; sourceTree = "<group>"; };
		7E6D46272119689D005E3D1A /* AddAlarmViewController.swift */ = {isa = PBXFileReference; lastKnownFileType = sourcecode.swift; path = AddAlarmViewController.swift; sourceTree = "<group>"; };
		7EE8DE9E210FA44B005A8659 /* Friend Alarm.app */ = {isa = PBXFileReference; explicitFileType = wrapper.application; includeInIndex = 0; path = "Friend Alarm.app"; sourceTree = BUILT_PRODUCTS_DIR; };
		7EE8DEA1210FA44B005A8659 /* AppDelegate.swift */ = {isa = PBXFileReference; lastKnownFileType = sourcecode.swift; path = AppDelegate.swift; sourceTree = "<group>"; };
		7EE8DEA8210FA44B005A8659 /* Assets.xcassets */ = {isa = PBXFileReference; lastKnownFileType = folder.assetcatalog; path = Assets.xcassets; sourceTree = "<group>"; };
		7EE8DEAB210FA44B005A8659 /* Base */ = {isa = PBXFileReference; lastKnownFileType = file.storyboard; name = Base; path = Base.lproj/LaunchScreen.storyboard; sourceTree = "<group>"; };
		7EE8DEAD210FA44B005A8659 /* Info.plist */ = {isa = PBXFileReference; lastKnownFileType = text.plist.xml; path = Info.plist; sourceTree = "<group>"; };
		7EE8DEB3210FA990005A8659 /* TitleLabel.swift */ = {isa = PBXFileReference; lastKnownFileType = sourcecode.swift; path = TitleLabel.swift; sourceTree = "<group>"; };
		7EE8DEB8210FAAC5005A8659 /* DS-DIGI.ttf */ = {isa = PBXFileReference; lastKnownFileType = file; path = "DS-DIGI.ttf"; sourceTree = "<group>"; };
		7EE8DEBC210FB209005A8659 /* PingFang-SC-Light.ttf */ = {isa = PBXFileReference; lastKnownFileType = file; path = "PingFang-SC-Light.ttf"; sourceTree = "<group>"; };
		7EE8DEBE21110EAB005A8659 /* SubtitleLabel.swift */ = {isa = PBXFileReference; lastKnownFileType = sourcecode.swift; path = SubtitleLabel.swift; sourceTree = "<group>"; };
		7EE8DEC121110EFC005A8659 /* MyAlarmViewController.swift */ = {isa = PBXFileReference; lastKnownFileType = sourcecode.swift; path = MyAlarmViewController.swift; sourceTree = "<group>"; };
		7EE8DEC321111C6D005A8659 /* SmallTextLabel.swift */ = {isa = PBXFileReference; lastKnownFileType = sourcecode.swift; path = SmallTextLabel.swift; sourceTree = "<group>"; };
		A5D31E279D5AB0781E057CDC /* Pods-Friend Alarm.release.xcconfig */ = {isa = PBXFileReference; includeInIndex = 1; lastKnownFileType = text.xcconfig; name = "Pods-Friend Alarm.release.xcconfig"; path = "Pods/Target Support Files/Pods-Friend Alarm/Pods-Friend Alarm.release.xcconfig"; sourceTree = "<group>"; };
/* End PBXFileReference section */

/* Begin PBXFrameworksBuildPhase section */
		7EE8DE9B210FA44B005A8659 /* Frameworks */ = {
			isa = PBXFrameworksBuildPhase;
			buildActionMask = 2147483647;
			files = (
				A254869C3F3A6C30BF2ABEC3 /* Pods_Friend_Alarm.framework in Frameworks */,
			);
			runOnlyForDeploymentPostprocessing = 0;
		};
/* End PBXFrameworksBuildPhase section */

/* Begin PBXGroup section */
		47EDC3F3806F7EE13E6B58A9 /* Pods */ = {
			isa = PBXGroup;
			children = (
				023AFA0CAEAFD58DB4DCF3F4 /* Pods-Friend Alarm.debug.xcconfig */,
				A5D31E279D5AB0781E057CDC /* Pods-Friend Alarm.release.xcconfig */,
			);
			name = Pods;
			sourceTree = "<group>";
		};
		7E3EA89421310BA10034D825 /* Architecture */ = {
			isa = PBXGroup;
			children = (
				7E51425A212A72F80040C87E /* AudioPlayingViewController.swift */,
			);
			path = Architecture;
			sourceTree = "<group>";
		};
		7E3EA89521310BB40034D825 /* Tabs */ = {
			isa = PBXGroup;
			children = (
				7EE8DEC121110EFC005A8659 /* MyAlarmViewController.swift */,
				7E6D459C21117819005E3D1A /* FriendsViewController.swift */,
			);
			path = Tabs;
			sourceTree = "<group>";
		};
		7E6D459621116110005E3D1A /* Model */ = {
			isa = PBXGroup;
			children = (
				7E6D45A221118105005E3D1A /* FacebookUser.swift */,
				7E6D459721116121005E3D1A /* Alarm.swift */,
				7E6D459E211180E1005E3D1A /* User.swift */,
			);
			path = Model;
			sourceTree = "<group>";
		};
		7E6D459921116C25005E3D1A /* Cells */ = {
			isa = PBXGroup;
			children = (
				7E6D45DD21156F2F005E3D1A /* SearchResultsTableViewDataSource.swift */,
				7E6D459A21116C54005E3D1A /* AlarmTableViewCell.swift */,
				7E6D45A421118172005E3D1A /* FriendCell.swift */,
				7E6D45A621118186005E3D1A /* FacebookFriendCell.swift */,
				7E6D45DF2115752C005E3D1A /* AddFriendCell.swift */,
			);
			path = Cells;
			sourceTree = "<group>";
		};
		7E6D45A821118718005E3D1A /* Extensions */ = {
			isa = PBXGroup;
			children = (
				7E6D45A92111872C005E3D1A /* UISearchBar+Extension.swift */,
				7E6D45B1211392F4005E3D1A /* UIViewController+Extension.swift */,
				7E51425521260F7C0040C87E /* Date+Extension.swift */,
			);
			path = Extensions;
			sourceTree = "<group>";
		};
		7E6D45AB21125EA1005E3D1A /* Store */ = {
			isa = PBXGroup;
			children = (
				7E6D45B321139588005E3D1A /* Backend.swift */,
				7E6D45AC21125F24005E3D1A /* UserStore.swift */,
				7E6D462521157C60005E3D1A /* FriendStore.swift */,
				7E51424D211F78CD0040C87E /* AlarmStore.swift */,
			);
			path = Store;
			sourceTree = "<group>";
		};
		7E6D45AE21126A7B005E3D1A /* Alerts */ = {
			isa = PBXGroup;
			children = (
				7E6D45AF21126A96005E3D1A /* PickAUsernameViewController.swift */,
			);
			path = Alerts;
			sourceTree = "<group>";
		};
		7EE8DE95210FA44B005A8659 = {
			isa = PBXGroup;
			children = (
				7EE8DEA0210FA44B005A8659 /* Friend Alarm */,
				7EE8DE9F210FA44B005A8659 /* Products */,
				47EDC3F3806F7EE13E6B58A9 /* Pods */,
				F0CFB03F2B007136EE4D4CA6 /* Frameworks */,
			);
			sourceTree = "<group>";
		};
		7EE8DE9F210FA44B005A8659 /* Products */ = {
			isa = PBXGroup;
			children = (
				7EE8DE9E210FA44B005A8659 /* Friend Alarm.app */,
			);
			name = Products;
			sourceTree = "<group>";
		};
		7EE8DEA0210FA44B005A8659 /* Friend Alarm */ = {
			isa = PBXGroup;
			children = (
				7E514257212A203B0040C87E /* Friend Alarm.entitlements */,
				7E514258212A4D4A0040C87E /* AlarmPlayer.swift */,
				7E6D45AB21125EA1005E3D1A /* Store */,
				7E6D45A821118718005E3D1A /* Extensions */,
				7E6D459921116C25005E3D1A /* Cells */,
				7EE8DEC021110ED8005A8659 /* ViewControllers */,
				7EE8DEBD21110E2A005A8659 /* Views */,
				7E6D459621116110005E3D1A /* Model */,
				7EE8DEA1210FA44B005A8659 /* AppDelegate.swift */,
				7EE8DEA8210FA44B005A8659 /* Assets.xcassets */,
				7EE8DEAA210FA44B005A8659 /* LaunchScreen.storyboard */,
				7EE8DEAD210FA44B005A8659 /* Info.plist */,
				7EE8DEB5210FAA7C005A8659 /* fonts */,
			);
			path = "Friend Alarm";
			sourceTree = "<group>";
		};
		7EE8DEB5210FAA7C005A8659 /* fonts */ = {
			isa = PBXGroup;
			children = (
				7EE8DEB8210FAAC5005A8659 /* DS-DIGI.ttf */,
				7EE8DEBC210FB209005A8659 /* PingFang-SC-Light.ttf */,
			);
			path = fonts;
			sourceTree = "<group>";
		};
		7EE8DEBD21110E2A005A8659 /* Views */ = {
			isa = PBXGroup;
			children = (
				7EE8DEB3210FA990005A8659 /* TitleLabel.swift */,
				7EE8DEBE21110EAB005A8659 /* SubtitleLabel.swift */,
				7EE8DEC321111C6D005A8659 /* SmallTextLabel.swift */,
				7E5142522125F24D0040C87E /* DatePickerLabel.swift */,
			);
			path = Views;
			sourceTree = "<group>";
		};
		7EE8DEC021110ED8005A8659 /* ViewControllers */ = {
			isa = PBXGroup;
			children = (
				7E3EA89421310BA10034D825 /* Architecture */,
				7E6D45AE21126A7B005E3D1A /* Alerts */,
				7E3EA89521310BB40034D825 /* Tabs */,
				7E6D46272119689D005E3D1A /* AddAlarmViewController.swift */,
				7E3EA89621310BCB0034D825 /* AddAlarmForFriendViewController.swift */,
			);
			path = ViewControllers;
			sourceTree = "<group>";
		};
		F0CFB03F2B007136EE4D4CA6 /* Frameworks */ = {
			isa = PBXGroup;
			children = (
				5BCE47CB75B68D97E96FCEE0 /* Pods_Friend_Alarm.framework */,
			);
			name = Frameworks;
			sourceTree = "<group>";
		};
/* End PBXGroup section */

/* Begin PBXNativeTarget section */
		7EE8DE9D210FA44B005A8659 /* Friend Alarm */ = {
			isa = PBXNativeTarget;
			buildConfigurationList = 7EE8DEB0210FA44B005A8659 /* Build configuration list for PBXNativeTarget "Friend Alarm" */;
			buildPhases = (
				E450AE173E3BEDE27840D99A /* [CP] Check Pods Manifest.lock */,
				7EE8DE9A210FA44B005A8659 /* Sources */,
				7EE8DE9B210FA44B005A8659 /* Frameworks */,
				7EE8DE9C210FA44B005A8659 /* Resources */,
				F33F8EC262D6462F24E16976 /* [CP] Embed Pods Frameworks */,
				ED8BDD8FD09C2A848454221B /* [CP] Copy Pods Resources */,
			);
			buildRules = (
			);
			dependencies = (
			);
			name = "Friend Alarm";
			productName = "Friend Alarm";
			productReference = 7EE8DE9E210FA44B005A8659 /* Friend Alarm.app */;
			productType = "com.apple.product-type.application";
		};
/* End PBXNativeTarget section */

/* Begin PBXProject section */
		7EE8DE96210FA44B005A8659 /* Project object */ = {
			isa = PBXProject;
			attributes = {
				LastSwiftUpdateCheck = 0920;
				LastUpgradeCheck = 0920;
				ORGANIZATIONNAME = "Matthew Krager";
				TargetAttributes = {
					7EE8DE9D210FA44B005A8659 = {
						CreatedOnToolsVersion = 9.2;
						ProvisioningStyle = Automatic;
						SystemCapabilities = {
							com.apple.Push = {
								enabled = 1;
							};
						};
					};
				};
			};
			buildConfigurationList = 7EE8DE99210FA44B005A8659 /* Build configuration list for PBXProject "Friend Alarm" */;
			compatibilityVersion = "Xcode 8.0";
			developmentRegion = en;
			hasScannedForEncodings = 0;
			knownRegions = (
				en,
				Base,
			);
			mainGroup = 7EE8DE95210FA44B005A8659;
			productRefGroup = 7EE8DE9F210FA44B005A8659 /* Products */;
			projectDirPath = "";
			projectRoot = "";
			targets = (
				7EE8DE9D210FA44B005A8659 /* Friend Alarm */,
			);
		};
/* End PBXProject section */

/* Begin PBXResourcesBuildPhase section */
		7EE8DE9C210FA44B005A8659 /* Resources */ = {
			isa = PBXResourcesBuildPhase;
			buildActionMask = 2147483647;
			files = (
				7E6D459421115721005E3D1A /* DS-DIGI.ttf in Resources */,
				7EE8DEAC210FA44B005A8659 /* LaunchScreen.storyboard in Resources */,
				7EE8DEA9210FA44B005A8659 /* Assets.xcassets in Resources */,
				7E6D459521115723005E3D1A /* PingFang-SC-Light.ttf in Resources */,
			);
			runOnlyForDeploymentPostprocessing = 0;
		};
/* End PBXResourcesBuildPhase section */

/* Begin PBXShellScriptBuildPhase section */
		E450AE173E3BEDE27840D99A /* [CP] Check Pods Manifest.lock */ = {
			isa = PBXShellScriptBuildPhase;
			buildActionMask = 2147483647;
			files = (
			);
			inputPaths = (
			);
			name = "[CP] Check Pods Manifest.lock";
			outputPaths = (
			);
			runOnlyForDeploymentPostprocessing = 0;
			shellPath = /bin/sh;
			shellScript = "diff \"${PODS_ROOT}/../Podfile.lock\" \"${PODS_ROOT}/Manifest.lock\" > /dev/null\nif [ $? != 0 ] ; then\n    # print error to STDERR\n    echo \"error: The sandbox is not in sync with the Podfile.lock. Run 'pod install' or update your CocoaPods installation.\" >&2\n    exit 1\nfi\n";
			showEnvVarsInLog = 0;
		};
		ED8BDD8FD09C2A848454221B /* [CP] Copy Pods Resources */ = {
			isa = PBXShellScriptBuildPhase;
			buildActionMask = 2147483647;
			files = (
			);
			inputPaths = (
			);
			name = "[CP] Copy Pods Resources";
			outputPaths = (
			);
			runOnlyForDeploymentPostprocessing = 0;
			shellPath = /bin/sh;
			shellScript = "\"${SRCROOT}/Pods/Target Support Files/Pods-Friend Alarm/Pods-Friend Alarm-resources.sh\"\n";
			showEnvVarsInLog = 0;
		};
		F33F8EC262D6462F24E16976 /* [CP] Embed Pods Frameworks */ = {
			isa = PBXShellScriptBuildPhase;
			buildActionMask = 2147483647;
			files = (
			);
			inputPaths = (
			);
			name = "[CP] Embed Pods Frameworks";
			outputPaths = (
			);
			runOnlyForDeploymentPostprocessing = 0;
			shellPath = /bin/sh;
			shellScript = "\"${SRCROOT}/Pods/Target Support Files/Pods-Friend Alarm/Pods-Friend Alarm-frameworks.sh\"\n";
			showEnvVarsInLog = 0;
		};
/* End PBXShellScriptBuildPhase section */

/* Begin PBXSourcesBuildPhase section */
		7EE8DE9A210FA44B005A8659 /* Sources */ = {
			isa = PBXSourcesBuildPhase;
			buildActionMask = 2147483647;
			files = (
				7E51425B212A72F80040C87E /* AudioPlayingViewController.swift in Sources */,
				7E51425621260F7C0040C87E /* Date+Extension.swift in Sources */,
				7E6D45B2211392F4005E3D1A /* UIViewController+Extension.swift in Sources */,
				7E6D45A521118172005E3D1A /* FriendCell.swift in Sources */,
				7E3EA89721310BCB0034D825 /* AddAlarmForFriendViewController.swift in Sources */,
				7E514259212A4D4A0040C87E /* AlarmPlayer.swift in Sources */,
				7E6D46282119689D005E3D1A /* AddAlarmViewController.swift in Sources */,
				7E6D45A721118186005E3D1A /* FacebookFriendCell.swift in Sources */,
				7E6D459D21117819005E3D1A /* FriendsViewController.swift in Sources */,
				7E6D45B421139588005E3D1A /* Backend.swift in Sources */,
				7E6D45DE21156F2F005E3D1A /* SearchResultsTableViewDataSource.swift in Sources */,
				7EE8DEC421111C6D005A8659 /* SmallTextLabel.swift in Sources */,
				7EE8DEC221110EFC005A8659 /* MyAlarmViewController.swift in Sources */,
				7E6D45B021126A96005E3D1A /* PickAUsernameViewController.swift in Sources */,
				7EE8DEB4210FA990005A8659 /* TitleLabel.swift in Sources */,
				7E6D45A321118105005E3D1A /* FacebookUser.swift in Sources */,
				7E5142532125F24D0040C87E /* DatePickerLabel.swift in Sources */,
				7E6D45E02115752C005E3D1A /* AddFriendCell.swift in Sources */,
				7EE8DEBF21110EAB005A8659 /* SubtitleLabel.swift in Sources */,
				7E6D45AD21125F24005E3D1A /* UserStore.swift in Sources */,
				7E6D45AA2111872C005E3D1A /* UISearchBar+Extension.swift in Sources */,
				7E6D459F211180E1005E3D1A /* User.swift in Sources */,
				7EE8DEA2210FA44B005A8659 /* AppDelegate.swift in Sources */,
				7E6D459B21116C54005E3D1A /* AlarmTableViewCell.swift in Sources */,
				7E6D462621157C60005E3D1A /* FriendStore.swift in Sources */,
				7E51424E211F78CD0040C87E /* AlarmStore.swift in Sources */,
				7E6D459821116121005E3D1A /* Alarm.swift in Sources */,
			);
			runOnlyForDeploymentPostprocessing = 0;
		};
/* End PBXSourcesBuildPhase section */

/* Begin PBXVariantGroup section */
		7EE8DEAA210FA44B005A8659 /* LaunchScreen.storyboard */ = {
			isa = PBXVariantGroup;
			children = (
				7EE8DEAB210FA44B005A8659 /* Base */,
			);
			name = LaunchScreen.storyboard;
			sourceTree = "<group>";
		};
/* End PBXVariantGroup section */

/* Begin XCBuildConfiguration section */
		7EE8DEAE210FA44B005A8659 /* Debug */ = {
			isa = XCBuildConfiguration;
			buildSettings = {
				ALWAYS_SEARCH_USER_PATHS = NO;
				CLANG_ANALYZER_NONNULL = YES;
				CLANG_ANALYZER_NUMBER_OBJECT_CONVERSION = YES_AGGRESSIVE;
				CLANG_CXX_LANGUAGE_STANDARD = "gnu++14";
				CLANG_CXX_LIBRARY = "libc++";
				CLANG_ENABLE_MODULES = YES;
				CLANG_ENABLE_OBJC_ARC = YES;
				CLANG_WARN_BLOCK_CAPTURE_AUTORELEASING = YES;
				CLANG_WARN_BOOL_CONVERSION = YES;
				CLANG_WARN_COMMA = YES;
				CLANG_WARN_CONSTANT_CONVERSION = YES;
				CLANG_WARN_DIRECT_OBJC_ISA_USAGE = YES_ERROR;
				CLANG_WARN_DOCUMENTATION_COMMENTS = YES;
				CLANG_WARN_EMPTY_BODY = YES;
				CLANG_WARN_ENUM_CONVERSION = YES;
				CLANG_WARN_INFINITE_RECURSION = YES;
				CLANG_WARN_INT_CONVERSION = YES;
				CLANG_WARN_NON_LITERAL_NULL_CONVERSION = YES;
				CLANG_WARN_OBJC_LITERAL_CONVERSION = YES;
				CLANG_WARN_OBJC_ROOT_CLASS = YES_ERROR;
				CLANG_WARN_RANGE_LOOP_ANALYSIS = YES;
				CLANG_WARN_STRICT_PROTOTYPES = YES;
				CLANG_WARN_SUSPICIOUS_MOVE = YES;
				CLANG_WARN_UNGUARDED_AVAILABILITY = YES_AGGRESSIVE;
				CLANG_WARN_UNREACHABLE_CODE = YES;
				CLANG_WARN__DUPLICATE_METHOD_MATCH = YES;
				CODE_SIGN_IDENTITY = "iPhone Developer";
				COPY_PHASE_STRIP = NO;
				DEBUG_INFORMATION_FORMAT = dwarf;
				ENABLE_STRICT_OBJC_MSGSEND = YES;
				ENABLE_TESTABILITY = YES;
				GCC_C_LANGUAGE_STANDARD = gnu11;
				GCC_DYNAMIC_NO_PIC = NO;
				GCC_NO_COMMON_BLOCKS = YES;
				GCC_OPTIMIZATION_LEVEL = 0;
				GCC_PREPROCESSOR_DEFINITIONS = (
					"DEBUG=1",
					"$(inherited)",
				);
				GCC_WARN_64_TO_32_BIT_CONVERSION = YES;
				GCC_WARN_ABOUT_RETURN_TYPE = YES_ERROR;
				GCC_WARN_UNDECLARED_SELECTOR = YES;
				GCC_WARN_UNINITIALIZED_AUTOS = YES_AGGRESSIVE;
				GCC_WARN_UNUSED_FUNCTION = YES;
				GCC_WARN_UNUSED_VARIABLE = YES;
				IPHONEOS_DEPLOYMENT_TARGET = 11.2;
				MTL_ENABLE_DEBUG_INFO = YES;
				ONLY_ACTIVE_ARCH = YES;
				SDKROOT = iphoneos;
				SWIFT_ACTIVE_COMPILATION_CONDITIONS = DEBUG;
				SWIFT_OPTIMIZATION_LEVEL = "-Onone";
			};
			name = Debug;
		};
		7EE8DEAF210FA44B005A8659 /* Release */ = {
			isa = XCBuildConfiguration;
			buildSettings = {
				ALWAYS_SEARCH_USER_PATHS = NO;
				CLANG_ANALYZER_NONNULL = YES;
				CLANG_ANALYZER_NUMBER_OBJECT_CONVERSION = YES_AGGRESSIVE;
				CLANG_CXX_LANGUAGE_STANDARD = "gnu++14";
				CLANG_CXX_LIBRARY = "libc++";
				CLANG_ENABLE_MODULES = YES;
				CLANG_ENABLE_OBJC_ARC = YES;
				CLANG_WARN_BLOCK_CAPTURE_AUTORELEASING = YES;
				CLANG_WARN_BOOL_CONVERSION = YES;
				CLANG_WARN_COMMA = YES;
				CLANG_WARN_CONSTANT_CONVERSION = YES;
				CLANG_WARN_DIRECT_OBJC_ISA_USAGE = YES_ERROR;
				CLANG_WARN_DOCUMENTATION_COMMENTS = YES;
				CLANG_WARN_EMPTY_BODY = YES;
				CLANG_WARN_ENUM_CONVERSION = YES;
				CLANG_WARN_INFINITE_RECURSION = YES;
				CLANG_WARN_INT_CONVERSION = YES;
				CLANG_WARN_NON_LITERAL_NULL_CONVERSION = YES;
				CLANG_WARN_OBJC_LITERAL_CONVERSION = YES;
				CLANG_WARN_OBJC_ROOT_CLASS = YES_ERROR;
				CLANG_WARN_RANGE_LOOP_ANALYSIS = YES;
				CLANG_WARN_STRICT_PROTOTYPES = YES;
				CLANG_WARN_SUSPICIOUS_MOVE = YES;
				CLANG_WARN_UNGUARDED_AVAILABILITY = YES_AGGRESSIVE;
				CLANG_WARN_UNREACHABLE_CODE = YES;
				CLANG_WARN__DUPLICATE_METHOD_MATCH = YES;
				CODE_SIGN_IDENTITY = "iPhone Developer";
				COPY_PHASE_STRIP = NO;
				DEBUG_INFORMATION_FORMAT = "dwarf-with-dsym";
				ENABLE_NS_ASSERTIONS = NO;
				ENABLE_STRICT_OBJC_MSGSEND = YES;
				GCC_C_LANGUAGE_STANDARD = gnu11;
				GCC_NO_COMMON_BLOCKS = YES;
				GCC_WARN_64_TO_32_BIT_CONVERSION = YES;
				GCC_WARN_ABOUT_RETURN_TYPE = YES_ERROR;
				GCC_WARN_UNDECLARED_SELECTOR = YES;
				GCC_WARN_UNINITIALIZED_AUTOS = YES_AGGRESSIVE;
				GCC_WARN_UNUSED_FUNCTION = YES;
				GCC_WARN_UNUSED_VARIABLE = YES;
				IPHONEOS_DEPLOYMENT_TARGET = 11.2;
				MTL_ENABLE_DEBUG_INFO = NO;
				SDKROOT = iphoneos;
				SWIFT_OPTIMIZATION_LEVEL = "-Owholemodule";
				VALIDATE_PRODUCT = YES;
			};
			name = Release;
		};
		7EE8DEB1210FA44B005A8659 /* Debug */ = {
			isa = XCBuildConfiguration;
			baseConfigurationReference = 023AFA0CAEAFD58DB4DCF3F4 /* Pods-Friend Alarm.debug.xcconfig */;
			buildSettings = {
				ASSETCATALOG_COMPILER_APPICON_NAME = AppIcon;
				CODE_SIGN_ENTITLEMENTS = "Friend Alarm/Friend Alarm.entitlements";
				"CODE_SIGN_IDENTITY[sdk=iphoneos*]" = "iPhone Developer";
				CODE_SIGN_STYLE = Automatic;
				DEVELOPMENT_TEAM = 2FKX4SDTGM;
				INFOPLIST_FILE = "Friend Alarm/Info.plist";
				LD_RUNPATH_SEARCH_PATHS = "$(inherited) @executable_path/Frameworks";
				PRODUCT_BUNDLE_IDENTIFIER = "Friend-Alarm";
				PRODUCT_NAME = "$(TARGET_NAME)";
				PROVISIONING_PROFILE_SPECIFIER = "";
				SWIFT_VERSION = 4.0;
				TARGETED_DEVICE_FAMILY = "1,2";
			};
			name = Debug;
		};
		7EE8DEB2210FA44B005A8659 /* Release */ = {
			isa = XCBuildConfiguration;
			baseConfigurationReference = A5D31E279D5AB0781E057CDC /* Pods-Friend Alarm.release.xcconfig */;
			buildSettings = {
				ASSETCATALOG_COMPILER_APPICON_NAME = AppIcon;
				CODE_SIGN_ENTITLEMENTS = "Friend Alarm/Friend Alarm.entitlements";
				"CODE_SIGN_IDENTITY[sdk=iphoneos*]" = "iPhone Developer";
				CODE_SIGN_STYLE = Automatic;
				DEVELOPMENT_TEAM = 2FKX4SDTGM;
				INFOPLIST_FILE = "Friend Alarm/Info.plist";
				LD_RUNPATH_SEARCH_PATHS = "$(inherited) @executable_path/Frameworks";
				PRODUCT_BUNDLE_IDENTIFIER = "Friend-Alarm";
				PRODUCT_NAME = "$(TARGET_NAME)";
				PROVISIONING_PROFILE_SPECIFIER = "";
				SWIFT_VERSION = 4.0;
				TARGETED_DEVICE_FAMILY = "1,2";
			};
			name = Release;
		};
/* End XCBuildConfiguration section */

/* Begin XCConfigurationList section */
		7EE8DE99210FA44B005A8659 /* Build configuration list for PBXProject "Friend Alarm" */ = {
			isa = XCConfigurationList;
			buildConfigurations = (
				7EE8DEAE210FA44B005A8659 /* Debug */,
				7EE8DEAF210FA44B005A8659 /* Release */,
			);
			defaultConfigurationIsVisible = 0;
			defaultConfigurationName = Release;
		};
		7EE8DEB0210FA44B005A8659 /* Build configuration list for PBXNativeTarget "Friend Alarm" */ = {
			isa = XCConfigurationList;
			buildConfigurations = (
				7EE8DEB1210FA44B005A8659 /* Debug */,
				7EE8DEB2210FA44B005A8659 /* Release */,
			);
			defaultConfigurationIsVisible = 0;
			defaultConfigurationName = Release;
		};
/* End XCConfigurationList section */
	};
	rootObject = 7EE8DE96210FA44B005A8659 /* Project object */;
}
